// !$*UTF8*$!
{
	archiveVersion = 1;
	classes = {
	};
	objectVersion = 56;
	objects = {

/* Begin PBXBuildFile section */
		143DF24028F6B4F1005C8425 /* SeparatorView.swift in Sources */ = {isa = PBXBuildFile; fileRef = 143DF23F28F6B4F0005C8425 /* SeparatorView.swift */; };
		143DF24228F71132005C8425 /* RankingFeatureCollectionViewCell.swift in Sources */ = {isa = PBXBuildFile; fileRef = 143DF24128F71132005C8425 /* RankingFeatureCollectionViewCell.swift */; };
		143EB31328F82D1E00F2F260 /* AppDetailViewController.swift in Sources */ = {isa = PBXBuildFile; fileRef = 143EB31228F82D1E00F2F260 /* AppDetailViewController.swift */; };
		143EB31728F8395100F2F260 /* RankingFeature.plist in Resources */ = {isa = PBXBuildFile; fileRef = 143EB31428F8395100F2F260 /* RankingFeature.plist */; };
		143EB31828F8395100F2F260 /* Today.plist in Resources */ = {isa = PBXBuildFile; fileRef = 143EB31528F8395100F2F260 /* Today.plist */; };
		143EB31928F8395100F2F260 /* Feature.plist in Resources */ = {isa = PBXBuildFile; fileRef = 143EB31628F8395100F2F260 /* Feature.plist */; };
		143EB31C28F83A0900F2F260 /* Today.swift in Sources */ = {isa = PBXBuildFile; fileRef = 143EB31B28F83A0900F2F260 /* Today.swift */; };
		143EB31E28F83A7F00F2F260 /* Feature.swift in Sources */ = {isa = PBXBuildFile; fileRef = 143EB31D28F83A7F00F2F260 /* Feature.swift */; };
		143EB32028F83A8900F2F260 /* RankingFeature.swift in Sources */ = {isa = PBXBuildFile; fileRef = 143EB31F28F83A8900F2F260 /* RankingFeature.swift */; };
		143F7BA228EFFC6F00471CB0 /* AppDelegate.swift in Sources */ = {isa = PBXBuildFile; fileRef = 143F7BA128EFFC6F00471CB0 /* AppDelegate.swift */; };
		143F7BA428EFFC6F00471CB0 /* SceneDelegate.swift in Sources */ = {isa = PBXBuildFile; fileRef = 143F7BA328EFFC6F00471CB0 /* SceneDelegate.swift */; };
		143F7BA628EFFC6F00471CB0 /* TabBarController.swift in Sources */ = {isa = PBXBuildFile; fileRef = 143F7BA528EFFC6F00471CB0 /* TabBarController.swift */; };
		143F7BAB28EFFC7100471CB0 /* Assets.xcassets in Resources */ = {isa = PBXBuildFile; fileRef = 143F7BAA28EFFC7100471CB0 /* Assets.xcassets */; };
		143F7BAE28EFFC7100471CB0 /* LaunchScreen.storyboard in Resources */ = {isa = PBXBuildFile; fileRef = 143F7BAC28EFFC7100471CB0 /* LaunchScreen.storyboard */; };
		143F7BB728EFFE2E00471CB0 /* Kingfisher in Frameworks */ = {isa = PBXBuildFile; productRef = 143F7BB628EFFE2E00471CB0 /* Kingfisher */; };
		143F7BBA28EFFEDE00471CB0 /* SnapKit in Frameworks */ = {isa = PBXBuildFile; productRef = 143F7BB928EFFEDE00471CB0 /* SnapKit */; };
		143F7BBE28F004F800471CB0 /* TodayViewController.swift in Sources */ = {isa = PBXBuildFile; fileRef = 143F7BBD28F004F800471CB0 /* TodayViewController.swift */; };
		143F7BC028F55F7A00471CB0 /* TodayCollectionViewCell.swift in Sources */ = {isa = PBXBuildFile; fileRef = 143F7BBF28F55F7A00471CB0 /* TodayCollectionViewCell.swift */; };
		143F7BC228F5651A00471CB0 /* TodayCollectionHeaderView.swift in Sources */ = {isa = PBXBuildFile; fileRef = 143F7BC128F5651A00471CB0 /* TodayCollectionHeaderView.swift */; };
		149D395A28F57A1800EA6A98 /* AppViewController.swift in Sources */ = {isa = PBXBuildFile; fileRef = 149D395928F57A1800EA6A98 /* AppViewController.swift */; };
		149D395D28F57FF400EA6A98 /* FeatureSectionView.swift in Sources */ = {isa = PBXBuildFile; fileRef = 149D395C28F57FF400EA6A98 /* FeatureSectionView.swift */; };
		149D395F28F5808F00EA6A98 /* RankingFeatureSectionView.swift in Sources */ = {isa = PBXBuildFile; fileRef = 149D395E28F5808F00EA6A98 /* RankingFeatureSectionView.swift */; };
		149D396128F5809F00EA6A98 /* ExchangeCodeButtonView.swift in Sources */ = {isa = PBXBuildFile; fileRef = 149D396028F5809F00EA6A98 /* ExchangeCodeButtonView.swift */; };
		149D396328F5861300EA6A98 /* FeatureSectionCollectionViewCell.swift in Sources */ = {isa = PBXBuildFile; fileRef = 149D396228F5861300EA6A98 /* FeatureSectionCollectionViewCell.swift */; };
/* End PBXBuildFile section */

/* Begin PBXFileReference section */
		143DF23F28F6B4F0005C8425 /* SeparatorView.swift */ = {isa = PBXFileReference; lastKnownFileType = sourcecode.swift; path = SeparatorView.swift; sourceTree = "<group>"; };
		143DF24128F71132005C8425 /* RankingFeatureCollectionViewCell.swift */ = {isa = PBXFileReference; lastKnownFileType = sourcecode.swift; path = RankingFeatureCollectionViewCell.swift; sourceTree = "<group>"; };
		143EB31228F82D1E00F2F260 /* AppDetailViewController.swift */ = {isa = PBXFileReference; lastKnownFileType = sourcecode.swift; path = AppDetailViewController.swift; sourceTree = "<group>"; };
		143EB31428F8395100F2F260 /* RankingFeature.plist */ = {isa = PBXFileReference; fileEncoding = 4; lastKnownFileType = text.plist.xml; path = RankingFeature.plist; sourceTree = "<group>"; };
		143EB31528F8395100F2F260 /* Today.plist */ = {isa = PBXFileReference; fileEncoding = 4; lastKnownFileType = text.plist.xml; path = Today.plist; sourceTree = "<group>"; };
		143EB31628F8395100F2F260 /* Feature.plist */ = {isa = PBXFileReference; fileEncoding = 4; lastKnownFileType = text.plist.xml; path = Feature.plist; sourceTree = "<group>"; };
		143EB31B28F83A0900F2F260 /* Today.swift */ = {isa = PBXFileReference; lastKnownFileType = sourcecode.swift; path = Today.swift; sourceTree = "<group>"; };
		143EB31D28F83A7F00F2F260 /* Feature.swift */ = {isa = PBXFileReference; lastKnownFileType = sourcecode.swift; path = Feature.swift; sourceTree = "<group>"; };
		143EB31F28F83A8900F2F260 /* RankingFeature.swift */ = {isa = PBXFileReference; lastKnownFileType = sourcecode.swift; path = RankingFeature.swift; sourceTree = "<group>"; };
		143F7B9E28EFFC6F00471CB0 /* AppStore.app */ = {isa = PBXFileReference; explicitFileType = wrapper.application; includeInIndex = 0; path = AppStore.app; sourceTree = BUILT_PRODUCTS_DIR; };
		143F7BA128EFFC6F00471CB0 /* AppDelegate.swift */ = {isa = PBXFileReference; lastKnownFileType = sourcecode.swift; path = AppDelegate.swift; sourceTree = "<group>"; };
		143F7BA328EFFC6F00471CB0 /* SceneDelegate.swift */ = {isa = PBXFileReference; lastKnownFileType = sourcecode.swift; path = SceneDelegate.swift; sourceTree = "<group>"; };
		143F7BA528EFFC6F00471CB0 /* TabBarController.swift */ = {isa = PBXFileReference; lastKnownFileType = sourcecode.swift; path = TabBarController.swift; sourceTree = "<group>"; };
		143F7BAA28EFFC7100471CB0 /* Assets.xcassets */ = {isa = PBXFileReference; lastKnownFileType = folder.assetcatalog; path = Assets.xcassets; sourceTree = "<group>"; };
		143F7BAD28EFFC7100471CB0 /* Base */ = {isa = PBXFileReference; lastKnownFileType = file.storyboard; name = Base; path = Base.lproj/LaunchScreen.storyboard; sourceTree = "<group>"; };
		143F7BAF28EFFC7100471CB0 /* Info.plist */ = {isa = PBXFileReference; lastKnownFileType = text.plist.xml; path = Info.plist; sourceTree = "<group>"; };
		143F7BBD28F004F800471CB0 /* TodayViewController.swift */ = {isa = PBXFileReference; lastKnownFileType = sourcecode.swift; path = TodayViewController.swift; sourceTree = "<group>"; };
		143F7BBF28F55F7A00471CB0 /* TodayCollectionViewCell.swift */ = {isa = PBXFileReference; lastKnownFileType = sourcecode.swift; path = TodayCollectionViewCell.swift; sourceTree = "<group>"; };
		143F7BC128F5651A00471CB0 /* TodayCollectionHeaderView.swift */ = {isa = PBXFileReference; lastKnownFileType = sourcecode.swift; path = TodayCollectionHeaderView.swift; sourceTree = "<group>"; };
		149D395928F57A1800EA6A98 /* AppViewController.swift */ = {isa = PBXFileReference; lastKnownFileType = sourcecode.swift; path = AppViewController.swift; sourceTree = "<group>"; };
		149D395C28F57FF400EA6A98 /* FeatureSectionView.swift */ = {isa = PBXFileReference; lastKnownFileType = sourcecode.swift; path = FeatureSectionView.swift; sourceTree = "<group>"; };
		149D395E28F5808F00EA6A98 /* RankingFeatureSectionView.swift */ = {isa = PBXFileReference; lastKnownFileType = sourcecode.swift; path = RankingFeatureSectionView.swift; sourceTree = "<group>"; };
		149D396028F5809F00EA6A98 /* ExchangeCodeButtonView.swift */ = {isa = PBXFileReference; lastKnownFileType = sourcecode.swift; path = ExchangeCodeButtonView.swift; sourceTree = "<group>"; };
		149D396228F5861300EA6A98 /* FeatureSectionCollectionViewCell.swift */ = {isa = PBXFileReference; lastKnownFileType = sourcecode.swift; path = FeatureSectionCollectionViewCell.swift; sourceTree = "<group>"; };
/* End PBXFileReference section */

/* Begin PBXFrameworksBuildPhase section */
		143F7B9B28EFFC6F00471CB0 /* Frameworks */ = {
			isa = PBXFrameworksBuildPhase;
			buildActionMask = 2147483647;
			files = (
				143F7BB728EFFE2E00471CB0 /* Kingfisher in Frameworks */,
				143F7BBA28EFFEDE00471CB0 /* SnapKit in Frameworks */,
			);
			runOnlyForDeploymentPostprocessing = 0;
		};
/* End PBXFrameworksBuildPhase section */

/* Begin PBXGroup section */
		143DF24328F71144005C8425 /* Cell */ = {
			isa = PBXGroup;
			children = (
				149D396228F5861300EA6A98 /* FeatureSectionCollectionViewCell.swift */,
				143DF24128F71132005C8425 /* RankingFeatureCollectionViewCell.swift */,
			);
			path = Cell;
			sourceTree = "<group>";
		};
		143EB31A28F8395F00F2F260 /* Data */ = {
			isa = PBXGroup;
			children = (
				143EB31528F8395100F2F260 /* Today.plist */,
				143EB31628F8395100F2F260 /* Feature.plist */,
				143EB31428F8395100F2F260 /* RankingFeature.plist */,
			);
			path = Data;
			sourceTree = "<group>";
		};
		143F7B9528EFFC6F00471CB0 = {
			isa = PBXGroup;
			children = (
				143F7BA028EFFC6F00471CB0 /* AppStore */,
				143F7B9F28EFFC6F00471CB0 /* Products */,
			);
			sourceTree = "<group>";
		};
		143F7B9F28EFFC6F00471CB0 /* Products */ = {
			isa = PBXGroup;
			children = (
				143F7B9E28EFFC6F00471CB0 /* AppStore.app */,
			);
			name = Products;
			sourceTree = "<group>";
		};
		143F7BA028EFFC6F00471CB0 /* AppStore */ = {
			isa = PBXGroup;
			children = (
				143F7BA128EFFC6F00471CB0 /* AppDelegate.swift */,
				143F7BA328EFFC6F00471CB0 /* SceneDelegate.swift */,
				143EB31B28F83A0900F2F260 /* Today.swift */,
				143EB31D28F83A7F00F2F260 /* Feature.swift */,
				143EB31F28F83A8900F2F260 /* RankingFeature.swift */,
				143EB31A28F8395F00F2F260 /* Data */,
				143F7BBC28F004C900471CB0 /* Scenes */,
				143F7BAA28EFFC7100471CB0 /* Assets.xcassets */,
				143F7BAC28EFFC7100471CB0 /* LaunchScreen.storyboard */,
				143F7BAF28EFFC7100471CB0 /* Info.plist */,
			);
			path = AppStore;
			sourceTree = "<group>";
		};
		143F7BBB28F004C400471CB0 /* Today */ = {
			isa = PBXGroup;
			children = (
				143F7BBD28F004F800471CB0 /* TodayViewController.swift */,
				143F7BBF28F55F7A00471CB0 /* TodayCollectionViewCell.swift */,
				143F7BC128F5651A00471CB0 /* TodayCollectionHeaderView.swift */,
			);
			path = Today;
			sourceTree = "<group>";
		};
		143F7BBC28F004C900471CB0 /* Scenes */ = {
			isa = PBXGroup;
			children = (
				143F7BA528EFFC6F00471CB0 /* TabBarController.swift */,
				149D395B28F57A1F00EA6A98 /* App */,
				143F7BBB28F004C400471CB0 /* Today */,
			);
			path = Scenes;
			sourceTree = "<group>";
		};
		149D395B28F57A1F00EA6A98 /* App */ = {
			isa = PBXGroup;
			children = (
				149D395928F57A1800EA6A98 /* AppViewController.swift */,
				143EB31228F82D1E00F2F260 /* AppDetailViewController.swift */,
				149D395C28F57FF400EA6A98 /* FeatureSectionView.swift */,
				149D395E28F5808F00EA6A98 /* RankingFeatureSectionView.swift */,
				149D396028F5809F00EA6A98 /* ExchangeCodeButtonView.swift */,
				143DF23F28F6B4F0005C8425 /* SeparatorView.swift */,
				143DF24328F71144005C8425 /* Cell */,
			);
			path = App;
			sourceTree = "<group>";
		};
/* End PBXGroup section */

/* Begin PBXNativeTarget section */
		143F7B9D28EFFC6F00471CB0 /* AppStore */ = {
			isa = PBXNativeTarget;
			buildConfigurationList = 143F7BB228EFFC7100471CB0 /* Build configuration list for PBXNativeTarget "AppStore" */;
			buildPhases = (
				143F7B9A28EFFC6F00471CB0 /* Sources */,
				143F7B9B28EFFC6F00471CB0 /* Frameworks */,
				143F7B9C28EFFC6F00471CB0 /* Resources */,
			);
			buildRules = (
			);
			dependencies = (
			);
			name = AppStore;
			packageProductDependencies = (
				143F7BB628EFFE2E00471CB0 /* Kingfisher */,
				143F7BB928EFFEDE00471CB0 /* SnapKit */,
			);
			productName = AppStore;
			productReference = 143F7B9E28EFFC6F00471CB0 /* AppStore.app */;
			productType = "com.apple.product-type.application";
		};
/* End PBXNativeTarget section */

/* Begin PBXProject section */
		143F7B9628EFFC6F00471CB0 /* Project object */ = {
			isa = PBXProject;
			attributes = {
				BuildIndependentTargetsInParallel = 1;
				LastSwiftUpdateCheck = 1400;
				LastUpgradeCheck = 1400;
				TargetAttributes = {
					143F7B9D28EFFC6F00471CB0 = {
						CreatedOnToolsVersion = 14.0.1;
					};
				};
			};
			buildConfigurationList = 143F7B9928EFFC6F00471CB0 /* Build configuration list for PBXProject "AppStore" */;
			compatibilityVersion = "Xcode 14.0";
			developmentRegion = en;
			hasScannedForEncodings = 0;
			knownRegions = (
				en,
				Base,
			);
			mainGroup = 143F7B9528EFFC6F00471CB0;
			packageReferences = (
				143F7BB528EFFE2E00471CB0 /* XCRemoteSwiftPackageReference "Kingfisher" */,
				143F7BB828EFFEDE00471CB0 /* XCRemoteSwiftPackageReference "SnapKit" */,
			);
			productRefGroup = 143F7B9F28EFFC6F00471CB0 /* Products */;
			projectDirPath = "";
			projectRoot = "";
			targets = (
				143F7B9D28EFFC6F00471CB0 /* AppStore */,
			);
		};
/* End PBXProject section */

/* Begin PBXResourcesBuildPhase section */
		143F7B9C28EFFC6F00471CB0 /* Resources */ = {
			isa = PBXResourcesBuildPhase;
			buildActionMask = 2147483647;
			files = (
				143EB31728F8395100F2F260 /* RankingFeature.plist in Resources */,
				143F7BAE28EFFC7100471CB0 /* LaunchScreen.storyboard in Resources */,
				143EB31928F8395100F2F260 /* Feature.plist in Resources */,
				143EB31828F8395100F2F260 /* Today.plist in Resources */,
				143F7BAB28EFFC7100471CB0 /* Assets.xcassets in Resources */,
			);
			runOnlyForDeploymentPostprocessing = 0;
		};
/* End PBXResourcesBuildPhase section */

/* Begin PBXSourcesBuildPhase section */
		143F7B9A28EFFC6F00471CB0 /* Sources */ = {
			isa = PBXSourcesBuildPhase;
			buildActionMask = 2147483647;
			files = (
				149D396328F5861300EA6A98 /* FeatureSectionCollectionViewCell.swift in Sources */,
				143EB31C28F83A0900F2F260 /* Today.swift in Sources */,
				143DF24228F71132005C8425 /* RankingFeatureCollectionViewCell.swift in Sources */,
				143F7BBE28F004F800471CB0 /* TodayViewController.swift in Sources */,
				143EB32028F83A8900F2F260 /* RankingFeature.swift in Sources */,
				143EB31E28F83A7F00F2F260 /* Feature.swift in Sources */,
				143F7BA628EFFC6F00471CB0 /* TabBarController.swift in Sources */,
				143F7BA228EFFC6F00471CB0 /* AppDelegate.swift in Sources */,
				143F7BC228F5651A00471CB0 /* TodayCollectionHeaderView.swift in Sources */,
				149D395A28F57A1800EA6A98 /* AppViewController.swift in Sources */,
				143F7BA428EFFC6F00471CB0 /* SceneDelegate.swift in Sources */,
				149D396128F5809F00EA6A98 /* ExchangeCodeButtonView.swift in Sources */,
				149D395F28F5808F00EA6A98 /* RankingFeatureSectionView.swift in Sources */,
				143F7BC028F55F7A00471CB0 /* TodayCollectionViewCell.swift in Sources */,
				143EB31328F82D1E00F2F260 /* AppDetailViewController.swift in Sources */,
				149D395D28F57FF400EA6A98 /* FeatureSectionView.swift in Sources */,
				143DF24028F6B4F1005C8425 /* SeparatorView.swift in Sources */,
			);
			runOnlyForDeploymentPostprocessing = 0;
		};
/* End PBXSourcesBuildPhase section */

/* Begin PBXVariantGroup section */
		143F7BAC28EFFC7100471CB0 /* LaunchScreen.storyboard */ = {
			isa = PBXVariantGroup;
			children = (
				143F7BAD28EFFC7100471CB0 /* Base */,
			);
			name = LaunchScreen.storyboard;
			sourceTree = "<group>";
		};
/* End PBXVariantGroup section */

/* Begin XCBuildConfiguration section */
		143F7BB028EFFC7100471CB0 /* Debug */ = {
			isa = XCBuildConfiguration;
			buildSettings = {
				ALWAYS_SEARCH_USER_PATHS = NO;
				CLANG_ANALYZER_NONNULL = YES;
				CLANG_ANALYZER_NUMBER_OBJECT_CONVERSION = YES_AGGRESSIVE;
				CLANG_CXX_LANGUAGE_STANDARD = "gnu++20";
				CLANG_ENABLE_MODULES = YES;
				CLANG_ENABLE_OBJC_ARC = YES;
				CLANG_ENABLE_OBJC_WEAK = YES;
				CLANG_WARN_BLOCK_CAPTURE_AUTORELEASING = YES;
				CLANG_WARN_BOOL_CONVERSION = YES;
				CLANG_WARN_COMMA = YES;
				CLANG_WARN_CONSTANT_CONVERSION = YES;
				CLANG_WARN_DEPRECATED_OBJC_IMPLEMENTATIONS = YES;
				CLANG_WARN_DIRECT_OBJC_ISA_USAGE = YES_ERROR;
				CLANG_WARN_DOCUMENTATION_COMMENTS = YES;
				CLANG_WARN_EMPTY_BODY = YES;
				CLANG_WARN_ENUM_CONVERSION = YES;
				CLANG_WARN_INFINITE_RECURSION = YES;
				CLANG_WARN_INT_CONVERSION = YES;
				CLANG_WARN_NON_LITERAL_NULL_CONVERSION = YES;
				CLANG_WARN_OBJC_IMPLICIT_RETAIN_SELF = YES;
				CLANG_WARN_OBJC_LITERAL_CONVERSION = YES;
				CLANG_WARN_OBJC_ROOT_CLASS = YES_ERROR;
				CLANG_WARN_QUOTED_INCLUDE_IN_FRAMEWORK_HEADER = YES;
				CLANG_WARN_RANGE_LOOP_ANALYSIS = YES;
				CLANG_WARN_STRICT_PROTOTYPES = YES;
				CLANG_WARN_SUSPICIOUS_MOVE = YES;
				CLANG_WARN_UNGUARDED_AVAILABILITY = YES_AGGRESSIVE;
				CLANG_WARN_UNREACHABLE_CODE = YES;
				CLANG_WARN__DUPLICATE_METHOD_MATCH = YES;
				COPY_PHASE_STRIP = NO;
				DEBUG_INFORMATION_FORMAT = dwarf;
				ENABLE_STRICT_OBJC_MSGSEND = YES;
				ENABLE_TESTABILITY = YES;
				GCC_C_LANGUAGE_STANDARD = gnu11;
				GCC_DYNAMIC_NO_PIC = NO;
				GCC_NO_COMMON_BLOCKS = YES;
				GCC_OPTIMIZATION_LEVEL = 0;
				GCC_PREPROCESSOR_DEFINITIONS = (
					"DEBUG=1",
					"$(inherited)",
				);
				GCC_WARN_64_TO_32_BIT_CONVERSION = YES;
				GCC_WARN_ABOUT_RETURN_TYPE = YES_ERROR;
				GCC_WARN_UNDECLARED_SELECTOR = YES;
				GCC_WARN_UNINITIALIZED_AUTOS = YES_AGGRESSIVE;
				GCC_WARN_UNUSED_FUNCTION = YES;
				GCC_WARN_UNUSED_VARIABLE = YES;
				IPHONEOS_DEPLOYMENT_TARGET = 16.0;
				MTL_ENABLE_DEBUG_INFO = INCLUDE_SOURCE;
				MTL_FAST_MATH = YES;
				ONLY_ACTIVE_ARCH = YES;
				SDKROOT = iphoneos;
				SWIFT_ACTIVE_COMPILATION_CONDITIONS = DEBUG;
				SWIFT_OPTIMIZATION_LEVEL = "-Onone";
			};
			name = Debug;
		};
		143F7BB128EFFC7100471CB0 /* Release */ = {
			isa = XCBuildConfiguration;
			buildSettings = {
				ALWAYS_SEARCH_USER_PATHS = NO;
				CLANG_ANALYZER_NONNULL = YES;
				CLANG_ANALYZER_NUMBER_OBJECT_CONVERSION = YES_AGGRESSIVE;
				CLANG_CXX_LANGUAGE_STANDARD = "gnu++20";
				CLANG_ENABLE_MODULES = YES;
				CLANG_ENABLE_OBJC_ARC = YES;
				CLANG_ENABLE_OBJC_WEAK = YES;
				CLANG_WARN_BLOCK_CAPTURE_AUTORELEASING = YES;
				CLANG_WARN_BOOL_CONVERSION = YES;
				CLANG_WARN_COMMA = YES;
				CLANG_WARN_CONSTANT_CONVERSION = YES;
				CLANG_WARN_DEPRECATED_OBJC_IMPLEMENTATIONS = YES;
				CLANG_WARN_DIRECT_OBJC_ISA_USAGE = YES_ERROR;
				CLANG_WARN_DOCUMENTATION_COMMENTS = YES;
				CLANG_WARN_EMPTY_BODY = YES;
				CLANG_WARN_ENUM_CONVERSION = YES;
				CLANG_WARN_INFINITE_RECURSION = YES;
				CLANG_WARN_INT_CONVERSION = YES;
				CLANG_WARN_NON_LITERAL_NULL_CONVERSION = YES;
				CLANG_WARN_OBJC_IMPLICIT_RETAIN_SELF = YES;
				CLANG_WARN_OBJC_LITERAL_CONVERSION = YES;
				CLANG_WARN_OBJC_ROOT_CLASS = YES_ERROR;
				CLANG_WARN_QUOTED_INCLUDE_IN_FRAMEWORK_HEADER = YES;
				CLANG_WARN_RANGE_LOOP_ANALYSIS = YES;
				CLANG_WARN_STRICT_PROTOTYPES = YES;
				CLANG_WARN_SUSPICIOUS_MOVE = YES;
				CLANG_WARN_UNGUARDED_AVAILABILITY = YES_AGGRESSIVE;
				CLANG_WARN_UNREACHABLE_CODE = YES;
				CLANG_WARN__DUPLICATE_METHOD_MATCH = YES;
				COPY_PHASE_STRIP = NO;
				DEBUG_INFORMATION_FORMAT = "dwarf-with-dsym";
				ENABLE_NS_ASSERTIONS = NO;
				ENABLE_STRICT_OBJC_MSGSEND = YES;
				GCC_C_LANGUAGE_STANDARD = gnu11;
				GCC_NO_COMMON_BLOCKS = YES;
				GCC_WARN_64_TO_32_BIT_CONVERSION = YES;
				GCC_WARN_ABOUT_RETURN_TYPE = YES_ERROR;
				GCC_WARN_UNDECLARED_SELECTOR = YES;
				GCC_WARN_UNINITIALIZED_AUTOS = YES_AGGRESSIVE;
				GCC_WARN_UNUSED_FUNCTION = YES;
				GCC_WARN_UNUSED_VARIABLE = YES;
				IPHONEOS_DEPLOYMENT_TARGET = 16.0;
				MTL_ENABLE_DEBUG_INFO = NO;
				MTL_FAST_MATH = YES;
				SDKROOT = iphoneos;
				SWIFT_COMPILATION_MODE = wholemodule;
				SWIFT_OPTIMIZATION_LEVEL = "-O";
				VALIDATE_PRODUCT = YES;
			};
			name = Release;
		};
		143F7BB328EFFC7100471CB0 /* Debug */ = {
			isa = XCBuildConfiguration;
			buildSettings = {
				ASSETCATALOG_COMPILER_APPICON_NAME = AppIcon;
				ASSETCATALOG_COMPILER_GLOBAL_ACCENT_COLOR_NAME = AccentColor;
				CODE_SIGN_STYLE = Automatic;
				CURRENT_PROJECT_VERSION = 1;
				DEVELOPMENT_TEAM = DD66GTY4AT;
				GENERATE_INFOPLIST_FILE = YES;
				INFOPLIST_FILE = AppStore/Info.plist;
				INFOPLIST_KEY_UIApplicationSupportsIndirectInputEvents = YES;
				INFOPLIST_KEY_UILaunchStoryboardName = LaunchScreen;
				INFOPLIST_KEY_UISupportedInterfaceOrientations_iPad = "UIInterfaceOrientationPortrait UIInterfaceOrientationPortraitUpsideDown UIInterfaceOrientationLandscapeLeft UIInterfaceOrientationLandscapeRight";
				INFOPLIST_KEY_UISupportedInterfaceOrientations_iPhone = "UIInterfaceOrientationPortrait UIInterfaceOrientationLandscapeLeft UIInterfaceOrientationLandscapeRight";
				LD_RUNPATH_SEARCH_PATHS = (
					"$(inherited)",
					"@executable_path/Frameworks",
				);
				MARKETING_VERSION = 1.0;
				PRODUCT_BUNDLE_IDENTIFIER = RaeHoon.AppStore;
				PRODUCT_NAME = "$(TARGET_NAME)";
				SWIFT_EMIT_LOC_STRINGS = YES;
				SWIFT_VERSION = 5.0;
				TARGETED_DEVICE_FAMILY = "1,2";
			};
			name = Debug;
		};
		143F7BB428EFFC7100471CB0 /* Release */ = {
			isa = XCBuildConfiguration;
			buildSettings = {
				ASSETCATALOG_COMPILER_APPICON_NAME = AppIcon;
				ASSETCATALOG_COMPILER_GLOBAL_ACCENT_COLOR_NAME = AccentColor;
				CODE_SIGN_STYLE = Automatic;
				CURRENT_PROJECT_VERSION = 1;
				DEVELOPMENT_TEAM = DD66GTY4AT;
				GENERATE_INFOPLIST_FILE = YES;
				INFOPLIST_FILE = AppStore/Info.plist;
				INFOPLIST_KEY_UIApplicationSupportsIndirectInputEvents = YES;
				INFOPLIST_KEY_UILaunchStoryboardName = LaunchScreen;
				INFOPLIST_KEY_UISupportedInterfaceOrientations_iPad = "UIInterfaceOrientationPortrait UIInterfaceOrientationPortraitUpsideDown UIInterfaceOrientationLandscapeLeft UIInterfaceOrientationLandscapeRight";
				INFOPLIST_KEY_UISupportedInterfaceOrientations_iPhone = "UIInterfaceOrientationPortrait UIInterfaceOrientationLandscapeLeft UIInterfaceOrientationLandscapeRight";
				LD_RUNPATH_SEARCH_PATHS = (
					"$(inherited)",
					"@executable_path/Frameworks",
				);
				MARKETING_VERSION = 1.0;
				PRODUCT_BUNDLE_IDENTIFIER = RaeHoon.AppStore;
				PRODUCT_NAME = "$(TARGET_NAME)";
				SWIFT_EMIT_LOC_STRINGS = YES;
				SWIFT_VERSION = 5.0;
				TARGETED_DEVICE_FAMILY = "1,2";
			};
			name = Release;
		};
/* End XCBuildConfiguration section */

/* Begin XCConfigurationList section */
		143F7B9928EFFC6F00471CB0 /* Build configuration list for PBXProject "AppStore" */ = {
			isa = XCConfigurationList;
			buildConfigurations = (
				143F7BB028EFFC7100471CB0 /* Debug */,
				143F7BB128EFFC7100471CB0 /* Release */,
			);
			defaultConfigurationIsVisible = 0;
			defaultConfigurationName = Release;
		};
		143F7BB228EFFC7100471CB0 /* Build configuration list for PBXNativeTarget "AppStore" */ = {
			isa = XCConfigurationList;
			buildConfigurations = (
				143F7BB328EFFC7100471CB0 /* Debug */,
				143F7BB428EFFC7100471CB0 /* Release */,
			);
			defaultConfigurationIsVisible = 0;
			defaultConfigurationName = Release;
		};
/* End XCConfigurationList section */

/* Begin XCRemoteSwiftPackageReference section */
		143F7BB528EFFE2E00471CB0 /* XCRemoteSwiftPackageReference "Kingfisher" */ = {
			isa = XCRemoteSwiftPackageReference;
			repositoryURL = "https://github.com/onevcat/Kingfisher.git";
			requirement = {
				branch = master;
				kind = branch;
			};
		};
		143F7BB828EFFEDE00471CB0 /* XCRemoteSwiftPackageReference "SnapKit" */ = {
			isa = XCRemoteSwiftPackageReference;
			repositoryURL = "https://github.com/SnapKit/SnapKit.git";
			requirement = {
				branch = develop;
				kind = branch;
			};
		};
/* End XCRemoteSwiftPackageReference section */

/* Begin XCSwiftPackageProductDependency section */
		143F7BB628EFFE2E00471CB0 /* Kingfisher */ = {
			isa = XCSwiftPackageProductDependency;
			package = 143F7BB528EFFE2E00471CB0 /* XCRemoteSwiftPackageReference "Kingfisher" */;
			productName = Kingfisher;
		};
		143F7BB928EFFEDE00471CB0 /* SnapKit */ = {
			isa = XCSwiftPackageProductDependency;
			package = 143F7BB828EFFEDE00471CB0 /* XCRemoteSwiftPackageReference "SnapKit" */;
			productName = SnapKit;
		};
/* End XCSwiftPackageProductDependency section */
	};
	rootObject = 143F7B9628EFFC6F00471CB0 /* Project object */;
}
